// !$*UTF8*$!
{
	archiveVersion = 1;
	classes = {
	};
	objectVersion = 50;
	objects = {

/* Begin PBXBuildFile section */
		479F2CD626627806009495E7 /* AppDelegate.swift in Sources */ = {isa = PBXBuildFile; fileRef = 479F2CD526627806009495E7 /* AppDelegate.swift */; };
		479F2CD826627806009495E7 /* SceneDelegate.swift in Sources */ = {isa = PBXBuildFile; fileRef = 479F2CD726627806009495E7 /* SceneDelegate.swift */; };
		479F2CDA26627806009495E7 /* ViewController.swift in Sources */ = {isa = PBXBuildFile; fileRef = 479F2CD926627806009495E7 /* ViewController.swift */; };
		479F2CDD26627806009495E7 /* Main.storyboard in Resources */ = {isa = PBXBuildFile; fileRef = 479F2CDB26627806009495E7 /* Main.storyboard */; };
		479F2CDF26627808009495E7 /* Assets.xcassets in Resources */ = {isa = PBXBuildFile; fileRef = 479F2CDE26627808009495E7 /* Assets.xcassets */; };
		479F2CE226627808009495E7 /* LaunchScreen.storyboard in Resources */ = {isa = PBXBuildFile; fileRef = 479F2CE026627808009495E7 /* LaunchScreen.storyboard */; };
		479F2CED26627808009495E7 /* DogeStoresTests.swift in Sources */ = {isa = PBXBuildFile; fileRef = 479F2CEC26627808009495E7 /* DogeStoresTests.swift */; };
		479F2CF826627808009495E7 /* DogeStoresUITests.swift in Sources */ = {isa = PBXBuildFile; fileRef = 479F2CF726627808009495E7 /* DogeStoresUITests.swift */; };
/* End PBXBuildFile section */

/* Begin PBXContainerItemProxy section */
		479F2CE926627808009495E7 /* PBXContainerItemProxy */ = {
			isa = PBXContainerItemProxy;
			containerPortal = 479F2CCA26627806009495E7 /* Project object */;
			proxyType = 1;
			remoteGlobalIDString = 479F2CD126627806009495E7;
			remoteInfo = DogeStores;
		};
		479F2CF426627808009495E7 /* PBXContainerItemProxy */ = {
			isa = PBXContainerItemProxy;
			containerPortal = 479F2CCA26627806009495E7 /* Project object */;
			proxyType = 1;
			remoteGlobalIDString = 479F2CD126627806009495E7;
			remoteInfo = DogeStores;
		};
/* End PBXContainerItemProxy section */

/* Begin PBXFileReference section */
		479F2CD226627806009495E7 /* DogeStores.app */ = {isa = PBXFileReference; explicitFileType = wrapper.application; includeInIndex = 0; path = DogeStores.app; sourceTree = BUILT_PRODUCTS_DIR; };
		479F2CD526627806009495E7 /* AppDelegate.swift */ = {isa = PBXFileReference; lastKnownFileType = sourcecode.swift; path = AppDelegate.swift; sourceTree = "<group>"; };
		479F2CD726627806009495E7 /* SceneDelegate.swift */ = {isa = PBXFileReference; lastKnownFileType = sourcecode.swift; path = SceneDelegate.swift; sourceTree = "<group>"; };
		479F2CD926627806009495E7 /* ViewController.swift */ = {isa = PBXFileReference; lastKnownFileType = sourcecode.swift; path = ViewController.swift; sourceTree = "<group>"; };
		479F2CDC26627806009495E7 /* Base */ = {isa = PBXFileReference; lastKnownFileType = file.storyboard; name = Base; path = Base.lproj/Main.storyboard; sourceTree = "<group>"; };
		479F2CDE26627808009495E7 /* Assets.xcassets */ = {isa = PBXFileReference; lastKnownFileType = folder.assetcatalog; path = Assets.xcassets; sourceTree = "<group>"; };
		479F2CE126627808009495E7 /* Base */ = {isa = PBXFileReference; lastKnownFileType = file.storyboard; name = Base; path = Base.lproj/LaunchScreen.storyboard; sourceTree = "<group>"; };
		479F2CE326627808009495E7 /* Info.plist */ = {isa = PBXFileReference; lastKnownFileType = text.plist.xml; path = Info.plist; sourceTree = "<group>"; };
		479F2CE826627808009495E7 /* DogeStoresTests.xctest */ = {isa = PBXFileReference; explicitFileType = wrapper.cfbundle; includeInIndex = 0; path = DogeStoresTests.xctest; sourceTree = BUILT_PRODUCTS_DIR; };
		479F2CEC26627808009495E7 /* DogeStoresTests.swift */ = {isa = PBXFileReference; lastKnownFileType = sourcecode.swift; path = DogeStoresTests.swift; sourceTree = "<group>"; };
		479F2CEE26627808009495E7 /* Info.plist */ = {isa = PBXFileReference; lastKnownFileType = text.plist.xml; path = Info.plist; sourceTree = "<group>"; };
		479F2CF326627808009495E7 /* DogeStoresUITests.xctest */ = {isa = PBXFileReference; explicitFileType = wrapper.cfbundle; includeInIndex = 0; path = DogeStoresUITests.xctest; sourceTree = BUILT_PRODUCTS_DIR; };
		479F2CF726627808009495E7 /* DogeStoresUITests.swift */ = {isa = PBXFileReference; lastKnownFileType = sourcecode.swift; path = DogeStoresUITests.swift; sourceTree = "<group>"; };
		479F2CF926627808009495E7 /* Info.plist */ = {isa = PBXFileReference; lastKnownFileType = text.plist.xml; path = Info.plist; sourceTree = "<group>"; };
/* End PBXFileReference section */

/* Begin PBXFrameworksBuildPhase section */
		479F2CCF26627806009495E7 /* Frameworks */ = {
			isa = PBXFrameworksBuildPhase;
			buildActionMask = 2147483647;
			files = (
			);
			runOnlyForDeploymentPostprocessing = 0;
		};
		479F2CE526627808009495E7 /* Frameworks */ = {
			isa = PBXFrameworksBuildPhase;
			buildActionMask = 2147483647;
			files = (
			);
			runOnlyForDeploymentPostprocessing = 0;
		};
		479F2CF026627808009495E7 /* Frameworks */ = {
			isa = PBXFrameworksBuildPhase;
			buildActionMask = 2147483647;
			files = (
			);
			runOnlyForDeploymentPostprocessing = 0;
		};
/* End PBXFrameworksBuildPhase section */

/* Begin PBXGroup section */
		479F2CC926627806009495E7 = {
			isa = PBXGroup;
			children = (
				479F2CD426627806009495E7 /* DogeStores */,
				479F2CEB26627808009495E7 /* DogeStoresTests */,
				479F2CF626627808009495E7 /* DogeStoresUITests */,
				479F2CD326627806009495E7 /* Products */,
			);
			sourceTree = "<group>";
		};
		479F2CD326627806009495E7 /* Products */ = {
			isa = PBXGroup;
			children = (
				479F2CD226627806009495E7 /* DogeStores.app */,
				479F2CE826627808009495E7 /* DogeStoresTests.xctest */,
				479F2CF326627808009495E7 /* DogeStoresUITests.xctest */,
			);
			name = Products;
			sourceTree = "<group>";
		};
		479F2CD426627806009495E7 /* DogeStores */ = {
			isa = PBXGroup;
			children = (
				479F2CD526627806009495E7 /* AppDelegate.swift */,
				479F2CD726627806009495E7 /* SceneDelegate.swift */,
				479F2CD926627806009495E7 /* ViewController.swift */,
				479F2CDB26627806009495E7 /* Main.storyboard */,
				479F2CDE26627808009495E7 /* Assets.xcassets */,
				479F2CE026627808009495E7 /* LaunchScreen.storyboard */,
				479F2CE326627808009495E7 /* Info.plist */,
			);
			path = DogeStores;
			sourceTree = "<group>";
		};
		479F2CEB26627808009495E7 /* DogeStoresTests */ = {
			isa = PBXGroup;
			children = (
				479F2CEC26627808009495E7 /* DogeStoresTests.swift */,
				479F2CEE26627808009495E7 /* Info.plist */,
			);
			path = DogeStoresTests;
			sourceTree = "<group>";
		};
		479F2CF626627808009495E7 /* DogeStoresUITests */ = {
			isa = PBXGroup;
			children = (
				479F2CF726627808009495E7 /* DogeStoresUITests.swift */,
				479F2CF926627808009495E7 /* Info.plist */,
			);
			path = DogeStoresUITests;
			sourceTree = "<group>";
		};
/* End PBXGroup section */

/* Begin PBXNativeTarget section */
		479F2CD126627806009495E7 /* DogeStores */ = {
			isa = PBXNativeTarget;
			buildConfigurationList = 479F2CFC26627808009495E7 /* Build configuration list for PBXNativeTarget "DogeStores" */;
			buildPhases = (
				479F2CCE26627806009495E7 /* Sources */,
				479F2CCF26627806009495E7 /* Frameworks */,
				479F2CD026627806009495E7 /* Resources */,
			);
			buildRules = (
			);
			dependencies = (
			);
			name = DogeStores;
			productName = DogeStores;
			productReference = 479F2CD226627806009495E7 /* DogeStores.app */;
			productType = "com.apple.product-type.application";
		};
		479F2CE726627808009495E7 /* DogeStoresTests */ = {
			isa = PBXNativeTarget;
			buildConfigurationList = 479F2CFF26627808009495E7 /* Build configuration list for PBXNativeTarget "DogeStoresTests" */;
			buildPhases = (
				479F2CE426627808009495E7 /* Sources */,
				479F2CE526627808009495E7 /* Frameworks */,
				479F2CE626627808009495E7 /* Resources */,
			);
			buildRules = (
			);
			dependencies = (
				479F2CEA26627808009495E7 /* PBXTargetDependency */,
			);
			name = DogeStoresTests;
			productName = DogeStoresTests;
			productReference = 479F2CE826627808009495E7 /* DogeStoresTests.xctest */;
			productType = "com.apple.product-type.bundle.unit-test";
		};
		479F2CF226627808009495E7 /* DogeStoresUITests */ = {
			isa = PBXNativeTarget;
			buildConfigurationList = 479F2D0226627808009495E7 /* Build configuration list for PBXNativeTarget "DogeStoresUITests" */;
			buildPhases = (
				479F2CEF26627808009495E7 /* Sources */,
				479F2CF026627808009495E7 /* Frameworks */,
				479F2CF126627808009495E7 /* Resources */,
			);
			buildRules = (
			);
			dependencies = (
				479F2CF526627808009495E7 /* PBXTargetDependency */,
			);
			name = DogeStoresUITests;
			productName = DogeStoresUITests;
			productReference = 479F2CF326627808009495E7 /* DogeStoresUITests.xctest */;
			productType = "com.apple.product-type.bundle.ui-testing";
		};
/* End PBXNativeTarget section */

/* Begin PBXProject section */
		479F2CCA26627806009495E7 /* Project object */ = {
			isa = PBXProject;
			attributes = {
				LastSwiftUpdateCheck = 1250;
				LastUpgradeCheck = 1250;
				TargetAttributes = {
					479F2CD126627806009495E7 = {
						CreatedOnToolsVersion = 12.5;
					};
					479F2CE726627808009495E7 = {
						CreatedOnToolsVersion = 12.5;
						TestTargetID = 479F2CD126627806009495E7;
					};
					479F2CF226627808009495E7 = {
						CreatedOnToolsVersion = 12.5;
						TestTargetID = 479F2CD126627806009495E7;
					};
				};
			};
			buildConfigurationList = 479F2CCD26627806009495E7 /* Build configuration list for PBXProject "DogeStores" */;
			compatibilityVersion = "Xcode 9.3";
			developmentRegion = en;
			hasScannedForEncodings = 0;
			knownRegions = (
				en,
				Base,
			);
			mainGroup = 479F2CC926627806009495E7;
			productRefGroup = 479F2CD326627806009495E7 /* Products */;
			projectDirPath = "";
			projectRoot = "";
			targets = (
				479F2CD126627806009495E7 /* DogeStores */,
				479F2CE726627808009495E7 /* DogeStoresTests */,
				479F2CF226627808009495E7 /* DogeStoresUITests */,
			);
		};
/* End PBXProject section */

/* Begin PBXResourcesBuildPhase section */
		479F2CD026627806009495E7 /* Resources */ = {
			isa = PBXResourcesBuildPhase;
			buildActionMask = 2147483647;
			files = (
				479F2CE226627808009495E7 /* LaunchScreen.storyboard in Resources */,
				479F2CDF26627808009495E7 /* Assets.xcassets in Resources */,
				479F2CDD26627806009495E7 /* Main.storyboard in Resources */,
			);
			runOnlyForDeploymentPostprocessing = 0;
		};
		479F2CE626627808009495E7 /* Resources */ = {
			isa = PBXResourcesBuildPhase;
			buildActionMask = 2147483647;
			files = (
			);
			runOnlyForDeploymentPostprocessing = 0;
		};
		479F2CF126627808009495E7 /* Resources */ = {
			isa = PBXResourcesBuildPhase;
			buildActionMask = 2147483647;
			files = (
			);
			runOnlyForDeploymentPostprocessing = 0;
		};
/* End PBXResourcesBuildPhase section */

/* Begin PBXSourcesBuildPhase section */
		479F2CCE26627806009495E7 /* Sources */ = {
			isa = PBXSourcesBuildPhase;
			buildActionMask = 2147483647;
			files = (
				479F2CDA26627806009495E7 /* ViewController.swift in Sources */,
				479F2CD626627806009495E7 /* AppDelegate.swift in Sources */,
				479F2CD826627806009495E7 /* SceneDelegate.swift in Sources */,
			);
			runOnlyForDeploymentPostprocessing = 0;
		};
		479F2CE426627808009495E7 /* Sources */ = {
			isa = PBXSourcesBuildPhase;
			buildActionMask = 2147483647;
			files = (
				479F2CED26627808009495E7 /* DogeStoresTests.swift in Sources */,
			);
			runOnlyForDeploymentPostprocessing = 0;
		};
		479F2CEF26627808009495E7 /* Sources */ = {
			isa = PBXSourcesBuildPhase;
			buildActionMask = 2147483647;
			files = (
				479F2CF826627808009495E7 /* DogeStoresUITests.swift in Sources */,
			);
			runOnlyForDeploymentPostprocessing = 0;
		};
/* End PBXSourcesBuildPhase section */

/* Begin PBXTargetDependency section */
		479F2CEA26627808009495E7 /* PBXTargetDependency */ = {
			isa = PBXTargetDependency;
			target = 479F2CD126627806009495E7 /* DogeStores */;
			targetProxy = 479F2CE926627808009495E7 /* PBXContainerItemProxy */;
		};
		479F2CF526627808009495E7 /* PBXTargetDependency */ = {
			isa = PBXTargetDependency;
			target = 479F2CD126627806009495E7 /* DogeStores */;
			targetProxy = 479F2CF426627808009495E7 /* PBXContainerItemProxy */;
		};
/* End PBXTargetDependency section */

/* Begin PBXVariantGroup section */
		479F2CDB26627806009495E7 /* Main.storyboard */ = {
			isa = PBXVariantGroup;
			children = (
				479F2CDC26627806009495E7 /* Base */,
			);
			name = Main.storyboard;
			sourceTree = "<group>";
		};
		479F2CE026627808009495E7 /* LaunchScreen.storyboard */ = {
			isa = PBXVariantGroup;
			children = (
				479F2CE126627808009495E7 /* Base */,
			);
			name = LaunchScreen.storyboard;
			sourceTree = "<group>";
		};
/* End PBXVariantGroup section */

/* Begin XCBuildConfiguration section */
		479F2CFA26627808009495E7 /* Debug */ = {
			isa = XCBuildConfiguration;
			buildSettings = {
				ALWAYS_SEARCH_USER_PATHS = NO;
				CLANG_ANALYZER_NONNULL = YES;
				CLANG_ANALYZER_NUMBER_OBJECT_CONVERSION = YES_AGGRESSIVE;
				CLANG_CXX_LANGUAGE_STANDARD = "gnu++14";
				CLANG_CXX_LIBRARY = "libc++";
				CLANG_ENABLE_MODULES = YES;
				CLANG_ENABLE_OBJC_ARC = YES;
				CLANG_ENABLE_OBJC_WEAK = YES;
				CLANG_WARN_BLOCK_CAPTURE_AUTORELEASING = YES;
				CLANG_WARN_BOOL_CONVERSION = YES;
				CLANG_WARN_COMMA = YES;
				CLANG_WARN_CONSTANT_CONVERSION = YES;
				CLANG_WARN_DEPRECATED_OBJC_IMPLEMENTATIONS = YES;
				CLANG_WARN_DIRECT_OBJC_ISA_USAGE = YES_ERROR;
				CLANG_WARN_DOCUMENTATION_COMMENTS = YES;
				CLANG_WARN_EMPTY_BODY = YES;
				CLANG_WARN_ENUM_CONVERSION = YES;
				CLANG_WARN_INFINITE_RECURSION = YES;
				CLANG_WARN_INT_CONVERSION = YES;
				CLANG_WARN_NON_LITERAL_NULL_CONVERSION = YES;
				CLANG_WARN_OBJC_IMPLICIT_RETAIN_SELF = YES;
				CLANG_WARN_OBJC_LITERAL_CONVERSION = YES;
				CLANG_WARN_OBJC_ROOT_CLASS = YES_ERROR;
				CLANG_WARN_QUOTED_INCLUDE_IN_FRAMEWORK_HEADER = YES;
				CLANG_WARN_RANGE_LOOP_ANALYSIS = YES;
				CLANG_WARN_STRICT_PROTOTYPES = YES;
				CLANG_WARN_SUSPICIOUS_MOVE = YES;
				CLANG_WARN_UNGUARDED_AVAILABILITY = YES_AGGRESSIVE;
				CLANG_WARN_UNREACHABLE_CODE = YES;
				CLANG_WARN__DUPLICATE_METHOD_MATCH = YES;
				COPY_PHASE_STRIP = NO;
				DEBUG_INFORMATION_FORMAT = dwarf;
				ENABLE_STRICT_OBJC_MSGSEND = YES;
				ENABLE_TESTABILITY = YES;
				GCC_C_LANGUAGE_STANDARD = gnu11;
				GCC_DYNAMIC_NO_PIC = NO;
				GCC_NO_COMMON_BLOCKS = YES;
				GCC_OPTIMIZATION_LEVEL = 0;
				GCC_PREPROCESSOR_DEFINITIONS = (
					"DEBUG=1",
					"$(inherited)",
				);
				GCC_WARN_64_TO_32_BIT_CONVERSION = YES;
				GCC_WARN_ABOUT_RETURN_TYPE = YES_ERROR;
				GCC_WARN_UNDECLARED_SELECTOR = YES;
				GCC_WARN_UNINITIALIZED_AUTOS = YES_AGGRESSIVE;
				GCC_WARN_UNUSED_FUNCTION = YES;
				GCC_WARN_UNUSED_VARIABLE = YES;
				IPHONEOS_DEPLOYMENT_TARGET = 14.5;
				MTL_ENABLE_DEBUG_INFO = INCLUDE_SOURCE;
				MTL_FAST_MATH = YES;
				ONLY_ACTIVE_ARCH = YES;
				SDKROOT = iphoneos;
				SWIFT_ACTIVE_COMPILATION_CONDITIONS = DEBUG;
				SWIFT_OPTIMIZATION_LEVEL = "-Onone";
			};
			name = Debug;
		};
		479F2CFB26627808009495E7 /* Release */ = {
			isa = XCBuildConfiguration;
			buildSettings = {
				ALWAYS_SEARCH_USER_PATHS = NO;
				CLANG_ANALYZER_NONNULL = YES;
				CLANG_ANALYZER_NUMBER_OBJECT_CONVERSION = YES_AGGRESSIVE;
				CLANG_CXX_LANGUAGE_STANDARD = "gnu++14";
				CLANG_CXX_LIBRARY = "libc++";
				CLANG_ENABLE_MODULES = YES;
				CLANG_ENABLE_OBJC_ARC = YES;
				CLANG_ENABLE_OBJC_WEAK = YES;
				CLANG_WARN_BLOCK_CAPTURE_AUTORELEASING = YES;
				CLANG_WARN_BOOL_CONVERSION = YES;
				CLANG_WARN_COMMA = YES;
				CLANG_WARN_CONSTANT_CONVERSION = YES;
				CLANG_WARN_DEPRECATED_OBJC_IMPLEMENTATIONS = YES;
				CLANG_WARN_DIRECT_OBJC_ISA_USAGE = YES_ERROR;
				CLANG_WARN_DOCUMENTATION_COMMENTS = YES;
				CLANG_WARN_EMPTY_BODY = YES;
				CLANG_WARN_ENUM_CONVERSION = YES;
				CLANG_WARN_INFINITE_RECURSION = YES;
				CLANG_WARN_INT_CONVERSION = YES;
				CLANG_WARN_NON_LITERAL_NULL_CONVERSION = YES;
				CLANG_WARN_OBJC_IMPLICIT_RETAIN_SELF = YES;
				CLANG_WARN_OBJC_LITERAL_CONVERSION = YES;
				CLANG_WARN_OBJC_ROOT_CLASS = YES_ERROR;
				CLANG_WARN_QUOTED_INCLUDE_IN_FRAMEWORK_HEADER = YES;
				CLANG_WARN_RANGE_LOOP_ANALYSIS = YES;
				CLANG_WARN_STRICT_PROTOTYPES = YES;
				CLANG_WARN_SUSPICIOUS_MOVE = YES;
				CLANG_WARN_UNGUARDED_AVAILABILITY = YES_AGGRESSIVE;
				CLANG_WARN_UNREACHABLE_CODE = YES;
				CLANG_WARN__DUPLICATE_METHOD_MATCH = YES;
				COPY_PHASE_STRIP = NO;
				DEBUG_INFORMATION_FORMAT = "dwarf-with-dsym";
				ENABLE_NS_ASSERTIONS = NO;
				ENABLE_STRICT_OBJC_MSGSEND = YES;
				GCC_C_LANGUAGE_STANDARD = gnu11;
				GCC_NO_COMMON_BLOCKS = YES;
				GCC_WARN_64_TO_32_BIT_CONVERSION = YES;
				GCC_WARN_ABOUT_RETURN_TYPE = YES_ERROR;
				GCC_WARN_UNDECLARED_SELECTOR = YES;
				GCC_WARN_UNINITIALIZED_AUTOS = YES_AGGRESSIVE;
				GCC_WARN_UNUSED_FUNCTION = YES;
				GCC_WARN_UNUSED_VARIABLE = YES;
				IPHONEOS_DEPLOYMENT_TARGET = 14.5;
				MTL_ENABLE_DEBUG_INFO = NO;
				MTL_FAST_MATH = YES;
				SDKROOT = iphoneos;
				SWIFT_COMPILATION_MODE = wholemodule;
				SWIFT_OPTIMIZATION_LEVEL = "-O";
				VALIDATE_PRODUCT = YES;
			};
			name = Release;
		};
		479F2CFD26627808009495E7 /* Debug */ = {
			isa = XCBuildConfiguration;
			buildSettings = {
				ASSETCATALOG_COMPILER_APPICON_NAME = AppIcon;
				ASSETCATALOG_COMPILER_GLOBAL_ACCENT_COLOR_NAME = AccentColor;
				CODE_SIGN_STYLE = Automatic;
				DEVELOPMENT_TEAM = JQH43H73TX;
				INFOPLIST_FILE = DogeStores/Info.plist;
				LD_RUNPATH_SEARCH_PATHS = (
					"$(inherited)",
					"@executable_path/Frameworks",
				);
				PRODUCT_BUNDLE_IDENTIFIER = com.dogestores.app.DogeStores;
				PRODUCT_NAME = "$(TARGET_NAME)";
				SWIFT_VERSION = 5.0;
				TARGETED_DEVICE_FAMILY = "1,2";
			};
			name = Debug;
		};
		479F2CFE26627808009495E7 /* Release */ = {
			isa = XCBuildConfiguration;
			buildSettings = {
				ASSETCATALOG_COMPILER_APPICON_NAME = AppIcon;
				ASSETCATALOG_COMPILER_GLOBAL_ACCENT_COLOR_NAME = AccentColor;
				CODE_SIGN_STYLE = Automatic;
				DEVELOPMENT_TEAM = JQH43H73TX;
				INFOPLIST_FILE = DogeStores/Info.plist;
				LD_RUNPATH_SEARCH_PATHS = (
					"$(inherited)",
					"@executable_path/Frameworks",
				);
				PRODUCT_BUNDLE_IDENTIFIER = com.dogestores.app.DogeStores;
				PRODUCT_NAME = "$(TARGET_NAME)";
				SWIFT_VERSION = 5.0;
				TARGETED_DEVICE_FAMILY = "1,2";
			};
			name = Release;
		};
		479F2D0026627808009495E7 /* Debug */ = {
			isa = XCBuildConfiguration;
			buildSettings = {
				ALWAYS_EMBED_SWIFT_STANDARD_LIBRARIES = YES;
				BUNDLE_LOADER = "$(TEST_HOST)";
				CODE_SIGN_STYLE = Automatic;
				DEVELOPMENT_TEAM = JQH43H73TX;
				INFOPLIST_FILE = DogeStoresTests/Info.plist;
				IPHONEOS_DEPLOYMENT_TARGET = 14.5;
				LD_RUNPATH_SEARCH_PATHS = (
					"$(inherited)",
					"@executable_path/Frameworks",
					"@loader_path/Frameworks",
				);
				PRODUCT_BUNDLE_IDENTIFIER = com.dogestores.app.DogeStoresTests;
				PRODUCT_NAME = "$(TARGET_NAME)";
				SWIFT_VERSION = 5.0;
				TARGETED_DEVICE_FAMILY = "1,2";
				TEST_HOST = "$(BUILT_PRODUCTS_DIR)/DogeStores.app/DogeStores";
			};
			name = Debug;
		};
		479F2D0126627808009495E7 /* Release */ = {
			isa = XCBuildConfiguration;
			buildSettings = {
				ALWAYS_EMBED_SWIFT_STANDARD_LIBRARIES = YES;
				BUNDLE_LOADER = "$(TEST_HOST)";
				CODE_SIGN_STYLE = Automatic;
				DEVELOPMENT_TEAM = JQH43H73TX;
				INFOPLIST_FILE = DogeStoresTests/Info.plist;
				IPHONEOS_DEPLOYMENT_TARGET = 14.5;
				LD_RUNPATH_SEARCH_PATHS = (
					"$(inherited)",
					"@executable_path/Frameworks",
					"@loader_path/Frameworks",
				);
				PRODUCT_BUNDLE_IDENTIFIER = com.dogestores.app.DogeStoresTests;
				PRODUCT_NAME = "$(TARGET_NAME)";
				SWIFT_VERSION = 5.0;
				TARGETED_DEVICE_FAMILY = "1,2";
				TEST_HOST = "$(BUILT_PRODUCTS_DIR)/DogeStores.app/DogeStores";
			};
			name = Release;
		};
		479F2D0326627808009495E7 /* Debug */ = {
			isa = XCBuildConfiguration;
			buildSettings = {
				ALWAYS_EMBED_SWIFT_STANDARD_LIBRARIES = YES;
				CODE_SIGN_STYLE = Automatic;
				DEVELOPMENT_TEAM = JQH43H73TX;
				INFOPLIST_FILE = DogeStoresUITests/Info.plist;
				LD_RUNPATH_SEARCH_PATHS = (
					"$(inherited)",
					"@executable_path/Frameworks",
					"@loader_path/Frameworks",
				);
				PRODUCT_BUNDLE_IDENTIFIER = com.dogestores.app.DogeStoresUITests;
				PRODUCT_NAME = "$(TARGET_NAME)";
				SWIFT_VERSION = 5.0;
				TARGETED_DEVICE_FAMILY = "1,2";
				TEST_TARGET_NAME = DogeStores;
			};
			name = Debug;
		};
		479F2D0426627808009495E7 /* Release */ = {
			isa = XCBuildConfiguration;
			buildSettings = {
				ALWAYS_EMBED_SWIFT_STANDARD_LIBRARIES = YES;
				CODE_SIGN_STYLE = Automatic;
				DEVELOPMENT_TEAM = JQH43H73TX;
				INFOPLIST_FILE = DogeStoresUITests/Info.plist;
				LD_RUNPATH_SEARCH_PATHS = (
					"$(inherited)",
					"@executable_path/Frameworks",
					"@loader_path/Frameworks",
				);
				PRODUCT_BUNDLE_IDENTIFIER = com.dogestores.app.DogeStoresUITests;
				PRODUCT_NAME = "$(TARGET_NAME)";
				SWIFT_VERSION = 5.0;
				TARGETED_DEVICE_FAMILY = "1,2";
				TEST_TARGET_NAME = DogeStores;
			};
			name = Release;
		};
/* End XCBuildConfiguration section */

/* Begin XCConfigurationList section */
		479F2CCD26627806009495E7 /* Build configuration list for PBXProject "DogeStores" */ = {
			isa = XCConfigurationList;
			buildConfigurations = (
				479F2CFA26627808009495E7 /* Debug */,
				479F2CFB26627808009495E7 /* Release */,
			);
			defaultConfigurationIsVisible = 0;
			defaultConfigurationName = Release;
		};
		479F2CFC26627808009495E7 /* Build configuration list for PBXNativeTarget "DogeStores" */ = {
			isa = XCConfigurationList;
			buildConfigurations = (
				479F2CFD26627808009495E7 /* Debug */,
				479F2CFE26627808009495E7 /* Release */,
			);
			defaultConfigurationIsVisible = 0;
			defaultConfigurationName = Release;
		};
		479F2CFF26627808009495E7 /* Build configuration list for PBXNativeTarget "DogeStoresTests" */ = {
			isa = XCConfigurationList;
			buildConfigurations = (
				479F2D0026627808009495E7 /* Debug */,
				479F2D0126627808009495E7 /* Release */,
			);
			defaultConfigurationIsVisible = 0;
			defaultConfigurationName = Release;
		};
		479F2D0226627808009495E7 /* Build configuration list for PBXNativeTarget "DogeStoresUITests" */ = {
			isa = XCConfigurationList;
			buildConfigurations = (
				479F2D0326627808009495E7 /* Debug */,
				479F2D0426627808009495E7 /* Release */,
			);
			defaultConfigurationIsVisible = 0;
			defaultConfigurationName = Release;
		};
/* End XCConfigurationList section */
	};
	rootObject = 479F2CCA26627806009495E7 /* Project object */;
}
